
Microsoft Visual Studio Solution File, Format Version 12.00
# Visual Studio Version 16
VisualStudioVersion = 16.0.31205.134
MinimumVisualStudioVersion = 10.0.40219.1
Project("{9A19103F-16F7-4668-BE54-9A1E7A4F7556}") = "Chat.Client", "Chat.Client\Chat.Client.csproj", "{34DDD5CF-FCD4-4E1A-BFD2-C8D9DD511628}"
EndProject
Project("{FAE04EC0-301F-11D3-BF4B-00C04F79EFBC}") = "Chat.Contracts", "Chat.Contracts\Chat.Contracts.csproj", "{4C206741-A12E-4407-BD8D-34E544EBC158}"
EndProject
Global
	GlobalSection(SolutionConfigurationPlatforms) = preSolution
		Debug|Any CPU = Debug|Any CPU
		Release|Any CPU = Release|Any CPU
	EndGlobalSection
	GlobalSection(ProjectConfigurationPlatforms) = postSolution
		{34DDD5CF-FCD4-4E1A-BFD2-C8D9DD511628}.Debug|Any CPU.ActiveCfg = Debug|Any CPU
		{34DDD5CF-FCD4-4E1A-BFD2-C8D9DD511628}.Debug|Any CPU.Build.0 = Debug|Any CPU
		{34DDD5CF-FCD4-4E1A-BFD2-C8D9DD511628}.Release|Any CPU.ActiveCfg = Release|Any CPU
		{34DDD5CF-FCD4-4E1A-BFD2-C8D9DD511628}.Release|Any CPU.Build.0 = Release|Any CPU
		{4C206741-A12E-4407-BD8D-34E544EBC158}.Debug|Any CPU.ActiveCfg = Debug|Any CPU
		{4C206741-A12E-4407-BD8D-34E544EBC158}.Debug|Any CPU.Build.0 = Debug|Any CPU
		{4C206741-A12E-4407-BD8D-34E544EBC158}.Release|Any CPU.ActiveCfg = Release|Any CPU
		{4C206741-A12E-4407-BD8D-34E544EBC158}.Release|Any CPU.Build.0 = Release|Any CPU
	EndGlobalSection
	GlobalSection(SolutionProperties) = preSolution
		HideSolutionNode = FALSE
	EndGlobalSection
	GlobalSection(ExtensibilityGlobals) = postSolution
		SolutionGuid = {08F1BC85-879F-4059-AE84-89A3218E64B6}
	EndGlobalSection
EndGlobal
